// !$*UTF8*$!
{
	archiveVersion = 1;
	classes = {
	};
	objectVersion = 50;
	objects = {

/* Begin PBXBuildFile section */
		02B40E7EDEF88C2B3603C781 /* Pods_hacksc.framework in Frameworks */ = {isa = PBXBuildFile; fileRef = 2CEEF90547CB6DA179DFBA61 /* Pods_hacksc.framework */; };
		EF9036102235097A00825658 /* EventTableViewCell.swift in Sources */ = {isa = PBXBuildFile; fileRef = EF90360F2235097A00825658 /* EventTableViewCell.swift */; };
		EF9036122235126900825658 /* Event.swift in Sources */ = {isa = PBXBuildFile; fileRef = EF9036112235126900825658 /* Event.swift */; };
		EF9DCBF5223502C300BB5A4D /* AppDelegate.swift in Sources */ = {isa = PBXBuildFile; fileRef = EF9DCBF4223502C300BB5A4D /* AppDelegate.swift */; };
		EF9DCBF7223502C300BB5A4D /* ViewController.swift in Sources */ = {isa = PBXBuildFile; fileRef = EF9DCBF6223502C300BB5A4D /* ViewController.swift */; };
		EF9DCBFA223502C300BB5A4D /* Main.storyboard in Resources */ = {isa = PBXBuildFile; fileRef = EF9DCBF8223502C300BB5A4D /* Main.storyboard */; };
		EF9DCBFC223502C400BB5A4D /* Assets.xcassets in Resources */ = {isa = PBXBuildFile; fileRef = EF9DCBFB223502C400BB5A4D /* Assets.xcassets */; };
		EF9DCBFF223502C400BB5A4D /* LaunchScreen.storyboard in Resources */ = {isa = PBXBuildFile; fileRef = EF9DCBFD223502C400BB5A4D /* LaunchScreen.storyboard */; };
/* End PBXBuildFile section */

/* Begin PBXFileReference section */
		2A19C209707EB5CE0892AE03 /* Pods-hacksc.release.xcconfig */ = {isa = PBXFileReference; includeInIndex = 1; lastKnownFileType = text.xcconfig; name = "Pods-hacksc.release.xcconfig"; path = "Target Support Files/Pods-hacksc/Pods-hacksc.release.xcconfig"; sourceTree = "<group>"; };
		2CEEF90547CB6DA179DFBA61 /* Pods_hacksc.framework */ = {isa = PBXFileReference; explicitFileType = wrapper.framework; includeInIndex = 0; path = Pods_hacksc.framework; sourceTree = BUILT_PRODUCTS_DIR; };
		A4DB598C768549BCFE8E5FFD /* Pods-hacksc.debug.xcconfig */ = {isa = PBXFileReference; includeInIndex = 1; lastKnownFileType = text.xcconfig; name = "Pods-hacksc.debug.xcconfig"; path = "Target Support Files/Pods-hacksc/Pods-hacksc.debug.xcconfig"; sourceTree = "<group>"; };
		EF90360F2235097A00825658 /* EventTableViewCell.swift */ = {isa = PBXFileReference; lastKnownFileType = sourcecode.swift; path = EventTableViewCell.swift; sourceTree = "<group>"; };
		EF9036112235126900825658 /* Event.swift */ = {isa = PBXFileReference; lastKnownFileType = sourcecode.swift; path = Event.swift; sourceTree = "<group>"; };
		EF9DCBF1223502C300BB5A4D /* hacksc.app */ = {isa = PBXFileReference; explicitFileType = wrapper.application; includeInIndex = 0; path = hacksc.app; sourceTree = BUILT_PRODUCTS_DIR; };
		EF9DCBF4223502C300BB5A4D /* AppDelegate.swift */ = {isa = PBXFileReference; lastKnownFileType = sourcecode.swift; path = AppDelegate.swift; sourceTree = "<group>"; };
		EF9DCBF6223502C300BB5A4D /* ViewController.swift */ = {isa = PBXFileReference; lastKnownFileType = sourcecode.swift; path = ViewController.swift; sourceTree = "<group>"; };
		EF9DCBF9223502C300BB5A4D /* Base */ = {isa = PBXFileReference; lastKnownFileType = file.storyboard; name = Base; path = Base.lproj/Main.storyboard; sourceTree = "<group>"; };
		EF9DCBFB223502C400BB5A4D /* Assets.xcassets */ = {isa = PBXFileReference; lastKnownFileType = folder.assetcatalog; path = Assets.xcassets; sourceTree = "<group>"; };
		EF9DCBFE223502C400BB5A4D /* Base */ = {isa = PBXFileReference; lastKnownFileType = file.storyboard; name = Base; path = Base.lproj/LaunchScreen.storyboard; sourceTree = "<group>"; };
		EF9DCC00223502C400BB5A4D /* Info.plist */ = {isa = PBXFileReference; lastKnownFileType = text.plist.xml; path = Info.plist; sourceTree = "<group>"; };
/* End PBXFileReference section */

/* Begin PBXFrameworksBuildPhase section */
		EF9DCBEE223502C200BB5A4D /* Frameworks */ = {
			isa = PBXFrameworksBuildPhase;
			buildActionMask = 2147483647;
			files = (
				02B40E7EDEF88C2B3603C781 /* Pods_hacksc.framework in Frameworks */,
			);
			runOnlyForDeploymentPostprocessing = 0;
		};
/* End PBXFrameworksBuildPhase section */

/* Begin PBXGroup section */
		4498951BE137EFF89C53422E /* Frameworks */ = {
			isa = PBXGroup;
			children = (
				2CEEF90547CB6DA179DFBA61 /* Pods_hacksc.framework */,
			);
			name = Frameworks;
			sourceTree = "<group>";
		};
		D73AD3DFADFDFAE097E599F4 /* Pods */ = {
			isa = PBXGroup;
			children = (
				A4DB598C768549BCFE8E5FFD /* Pods-hacksc.debug.xcconfig */,
				2A19C209707EB5CE0892AE03 /* Pods-hacksc.release.xcconfig */,
			);
			path = Pods;
			sourceTree = "<group>";
		};
		EF9DCBE8223502C200BB5A4D = {
			isa = PBXGroup;
			children = (
				EF9DCBF3223502C300BB5A4D /* hacksc */,
				EF9DCBF2223502C300BB5A4D /* Products */,
				D73AD3DFADFDFAE097E599F4 /* Pods */,
				4498951BE137EFF89C53422E /* Frameworks */,
			);
			sourceTree = "<group>";
		};
		EF9DCBF2223502C300BB5A4D /* Products */ = {
			isa = PBXGroup;
			children = (
				EF9DCBF1223502C300BB5A4D /* hacksc.app */,
			);
			name = Products;
			sourceTree = "<group>";
		};
		EF9DCBF3223502C300BB5A4D /* hacksc */ = {
			isa = PBXGroup;
			children = (
				EF9DCBF4223502C300BB5A4D /* AppDelegate.swift */,
				EF9DCBF6223502C300BB5A4D /* ViewController.swift */,
				EF9DCBF8223502C300BB5A4D /* Main.storyboard */,
				EF9DCBFB223502C400BB5A4D /* Assets.xcassets */,
				EF9DCBFD223502C400BB5A4D /* LaunchScreen.storyboard */,
				EF9DCC00223502C400BB5A4D /* Info.plist */,
				EF90360F2235097A00825658 /* EventTableViewCell.swift */,
				EF9036112235126900825658 /* Event.swift */,
			);
			path = hacksc;
			sourceTree = "<group>";
		};
/* End PBXGroup section */

/* Begin PBXNativeTarget section */
		EF9DCBF0223502C200BB5A4D /* hacksc */ = {
			isa = PBXNativeTarget;
			buildConfigurationList = EF9DCC03223502C400BB5A4D /* Build configuration list for PBXNativeTarget "hacksc" */;
			buildPhases = (
				2CC5658ECC4154344F84E313 /* [CP] Check Pods Manifest.lock */,
				EF9DCBED223502C200BB5A4D /* Sources */,
				EF9DCBEE223502C200BB5A4D /* Frameworks */,
				EF9DCBEF223502C200BB5A4D /* Resources */,
				6095C3C1DC20AB89A6FD97AB /* [CP] Embed Pods Frameworks */,
			);
			buildRules = (
			);
			dependencies = (
			);
			name = hacksc;
			productName = hacksc;
			productReference = EF9DCBF1223502C300BB5A4D /* hacksc.app */;
			productType = "com.apple.product-type.application";
		};
/* End PBXNativeTarget section */

/* Begin PBXProject section */
		EF9DCBE9223502C200BB5A4D /* Project object */ = {
			isa = PBXProject;
			attributes = {
				LastSwiftUpdateCheck = 1010;
				LastUpgradeCheck = 1010;
				ORGANIZATIONNAME = "Caleb Thomas";
				TargetAttributes = {
					EF9DCBF0223502C200BB5A4D = {
						CreatedOnToolsVersion = 10.1;
					};
				};
			};
			buildConfigurationList = EF9DCBEC223502C200BB5A4D /* Build configuration list for PBXProject "hacksc" */;
			compatibilityVersion = "Xcode 9.3";
			developmentRegion = en;
			hasScannedForEncodings = 0;
			knownRegions = (
				en,
				Base,
			);
			mainGroup = EF9DCBE8223502C200BB5A4D;
			productRefGroup = EF9DCBF2223502C300BB5A4D /* Products */;
			projectDirPath = "";
			projectRoot = "";
			targets = (
				EF9DCBF0223502C200BB5A4D /* hacksc */,
			);
		};
/* End PBXProject section */

/* Begin PBXResourcesBuildPhase section */
		EF9DCBEF223502C200BB5A4D /* Resources */ = {
			isa = PBXResourcesBuildPhase;
			buildActionMask = 2147483647;
			files = (
				EF9DCBFF223502C400BB5A4D /* LaunchScreen.storyboard in Resources */,
				EF9DCBFC223502C400BB5A4D /* Assets.xcassets in Resources */,
				EF9DCBFA223502C300BB5A4D /* Main.storyboard in Resources */,
			);
			runOnlyForDeploymentPostprocessing = 0;
		};
/* End PBXResourcesBuildPhase section */

/* Begin PBXShellScriptBuildPhase section */
		2CC5658ECC4154344F84E313 /* [CP] Check Pods Manifest.lock */ = {
			isa = PBXShellScriptBuildPhase;
			buildActionMask = 2147483647;
			files = (
			);
			inputFileListPaths = (
			);
			inputPaths = (
				"${PODS_PODFILE_DIR_PATH}/Podfile.lock",
				"${PODS_ROOT}/Manifest.lock",
			);
			name = "[CP] Check Pods Manifest.lock";
			outputFileListPaths = (
			);
			outputPaths = (
				"$(DERIVED_FILE_DIR)/Pods-hacksc-checkManifestLockResult.txt",
			);
			runOnlyForDeploymentPostprocessing = 0;
			shellPath = /bin/sh;
			shellScript = "diff \"${PODS_PODFILE_DIR_PATH}/Podfile.lock\" \"${PODS_ROOT}/Manifest.lock\" > /dev/null\nif [ $? != 0 ] ; then\n    # print error to STDERR\n    echo \"error: The sandbox is not in sync with the Podfile.lock. Run 'pod install' or update your CocoaPods installation.\" >&2\n    exit 1\nfi\n# This output is used by Xcode 'outputs' to avoid re-running this script phase.\necho \"SUCCESS\" > \"${SCRIPT_OUTPUT_FILE_0}\"\n";
			showEnvVarsInLog = 0;
		};
		6095C3C1DC20AB89A6FD97AB /* [CP] Embed Pods Frameworks */ = {
			isa = PBXShellScriptBuildPhase;
			buildActionMask = 2147483647;
			files = (
			);
			inputFileListPaths = (
			);
			inputPaths = (
				"${PODS_ROOT}/Target Support Files/Pods-hacksc/Pods-hacksc-frameworks.sh",
				"${BUILT_PRODUCTS_DIR}/SnapKit/SnapKit.framework",
			);
			name = "[CP] Embed Pods Frameworks";
			outputFileListPaths = (
			);
			outputPaths = (
				"${TARGET_BUILD_DIR}/${FRAMEWORKS_FOLDER_PATH}/SnapKit.framework",
			);
			runOnlyForDeploymentPostprocessing = 0;
			shellPath = /bin/sh;
			shellScript = "\"${PODS_ROOT}/Target Support Files/Pods-hacksc/Pods-hacksc-frameworks.sh\"\n";
			showEnvVarsInLog = 0;
		};
/* End PBXShellScriptBuildPhase section */

/* Begin PBXSourcesBuildPhase section */
		EF9DCBED223502C200BB5A4D /* Sources */ = {
			isa = PBXSourcesBuildPhase;
			buildActionMask = 2147483647;
			files = (
				EF9036122235126900825658 /* Event.swift in Sources */,
				EF9036102235097A00825658 /* EventTableViewCell.swift in Sources */,
				EF9DCBF7223502C300BB5A4D /* ViewController.swift in Sources */,
				EF9DCBF5223502C300BB5A4D /* AppDelegate.swift in Sources */,
			);
			runOnlyForDeploymentPostprocessing = 0;
		};
/* End PBXSourcesBuildPhase section */

/* Begin PBXVariantGroup section */
		EF9DCBF8223502C300BB5A4D /* Main.storyboard */ = {
			isa = PBXVariantGroup;
			children = (
				EF9DCBF9223502C300BB5A4D /* Base */,
			);
			name = Main.storyboard;
			sourceTree = "<group>";
		};
		EF9DCBFD223502C400BB5A4D /* LaunchScreen.storyboard */ = {
			isa = PBXVariantGroup;
			children = (
				EF9DCBFE223502C400BB5A4D /* Base */,
			);
			name = LaunchScreen.storyboard;
			sourceTree = "<group>";
		};
/* End PBXVariantGroup section */

/* Begin XCBuildConfiguration section */
		EF9DCC01223502C400BB5A4D /* Debug */ = {
			isa = XCBuildConfiguration;
			buildSettings = {
				ALWAYS_SEARCH_USER_PATHS = NO;
				CLANG_ANALYZER_NONNULL = YES;
				CLANG_ANALYZER_NUMBER_OBJECT_CONVERSION = YES_AGGRESSIVE;
				CLANG_CXX_LANGUAGE_STANDARD = "gnu++14";
				CLANG_CXX_LIBRARY = "libc++";
				CLANG_ENABLE_MODULES = YES;
				CLANG_ENABLE_OBJC_ARC = YES;
				CLANG_ENABLE_OBJC_WEAK = YES;
				CLANG_WARN_BLOCK_CAPTURE_AUTORELEASING = YES;
				CLANG_WARN_BOOL_CONVERSION = YES;
				CLANG_WARN_COMMA = YES;
				CLANG_WARN_CONSTANT_CONVERSION = YES;
				CLANG_WARN_DEPRECATED_OBJC_IMPLEMENTATIONS = YES;
				CLANG_WARN_DIRECT_OBJC_ISA_USAGE = YES_ERROR;
				CLANG_WARN_DOCUMENTATION_COMMENTS = YES;
				CLANG_WARN_EMPTY_BODY = YES;
				CLANG_WARN_ENUM_CONVERSION = YES;
				CLANG_WARN_INFINITE_RECURSION = YES;
				CLANG_WARN_INT_CONVERSION = YES;
				CLANG_WARN_NON_LITERAL_NULL_CONVERSION = YES;
				CLANG_WARN_OBJC_IMPLICIT_RETAIN_SELF = YES;
				CLANG_WARN_OBJC_LITERAL_CONVERSION = YES;
				CLANG_WARN_OBJC_ROOT_CLASS = YES_ERROR;
				CLANG_WARN_RANGE_LOOP_ANALYSIS = YES;
				CLANG_WARN_STRICT_PROTOTYPES = YES;
				CLANG_WARN_SUSPICIOUS_MOVE = YES;
				CLANG_WARN_UNGUARDED_AVAILABILITY = YES_AGGRESSIVE;
				CLANG_WARN_UNREACHABLE_CODE = YES;
				CLANG_WARN__DUPLICATE_METHOD_MATCH = YES;
				CODE_SIGN_IDENTITY = "iPhone Developer";
				COPY_PHASE_STRIP = NO;
				DEBUG_INFORMATION_FORMAT = dwarf;
				ENABLE_STRICT_OBJC_MSGSEND = YES;
				ENABLE_TESTABILITY = YES;
				GCC_C_LANGUAGE_STANDARD = gnu11;
				GCC_DYNAMIC_NO_PIC = NO;
				GCC_NO_COMMON_BLOCKS = YES;
				GCC_OPTIMIZATION_LEVEL = 0;
				GCC_PREPROCESSOR_DEFINITIONS = (
					"DEBUG=1",
					"$(inherited)",
				);
				GCC_WARN_64_TO_32_BIT_CONVERSION = YES;
				GCC_WARN_ABOUT_RETURN_TYPE = YES_ERROR;
				GCC_WARN_UNDECLARED_SELECTOR = YES;
				GCC_WARN_UNINITIALIZED_AUTOS = YES_AGGRESSIVE;
				GCC_WARN_UNUSED_FUNCTION = YES;
				GCC_WARN_UNUSED_VARIABLE = YES;
				IPHONEOS_DEPLOYMENT_TARGET = 12.1;
				MTL_ENABLE_DEBUG_INFO = INCLUDE_SOURCE;
				MTL_FAST_MATH = YES;
				ONLY_ACTIVE_ARCH = YES;
				SDKROOT = iphoneos;
				SWIFT_ACTIVE_COMPILATION_CONDITIONS = DEBUG;
				SWIFT_OPTIMIZATION_LEVEL = "-Onone";
			};
			name = Debug;
		};
		EF9DCC02223502C400BB5A4D /* Release */ = {
			isa = XCBuildConfiguration;
			buildSettings = {
				ALWAYS_SEARCH_USER_PATHS = NO;
				CLANG_ANALYZER_NONNULL = YES;
				CLANG_ANALYZER_NUMBER_OBJECT_CONVERSION = YES_AGGRESSIVE;
				CLANG_CXX_LANGUAGE_STANDARD = "gnu++14";
				CLANG_CXX_LIBRARY = "libc++";
				CLANG_ENABLE_MODULES = YES;
				CLANG_ENABLE_OBJC_ARC = YES;
				CLANG_ENABLE_OBJC_WEAK = YES;
				CLANG_WARN_BLOCK_CAPTURE_AUTORELEASING = YES;
				CLANG_WARN_BOOL_CONVERSION = YES;
				CLANG_WARN_COMMA = YES;
				CLANG_WARN_CONSTANT_CONVERSION = YES;
				CLANG_WARN_DEPRECATED_OBJC_IMPLEMENTATIONS = YES;
				CLANG_WARN_DIRECT_OBJC_ISA_USAGE = YES_ERROR;
				CLANG_WARN_DOCUMENTATION_COMMENTS = YES;
				CLANG_WARN_EMPTY_BODY = YES;
				CLANG_WARN_ENUM_CONVERSION = YES;
				CLANG_WARN_INFINITE_RECURSION = YES;
				CLANG_WARN_INT_CONVERSION = YES;
				CLANG_WARN_NON_LITERAL_NULL_CONVERSION = YES;
				CLANG_WARN_OBJC_IMPLICIT_RETAIN_SELF = YES;
				CLANG_WARN_OBJC_LITERAL_CONVERSION = YES;
				CLANG_WARN_OBJC_ROOT_CLASS = YES_ERROR;
				CLANG_WARN_RANGE_LOOP_ANALYSIS = YES;
				CLANG_WARN_STRICT_PROTOTYPES = YES;
				CLANG_WARN_SUSPICIOUS_MOVE = YES;
				CLANG_WARN_UNGUARDED_AVAILABILITY = YES_AGGRESSIVE;
				CLANG_WARN_UNREACHABLE_CODE = YES;
				CLANG_WARN__DUPLICATE_METHOD_MATCH = YES;
				CODE_SIGN_IDENTITY = "iPhone Developer";
				COPY_PHASE_STRIP = NO;
				DEBUG_INFORMATION_FORMAT = "dwarf-with-dsym";
				ENABLE_NS_ASSERTIONS = NO;
				ENABLE_STRICT_OBJC_MSGSEND = YES;
				GCC_C_LANGUAGE_STANDARD = gnu11;
				GCC_NO_COMMON_BLOCKS = YES;
				GCC_WARN_64_TO_32_BIT_CONVERSION = YES;
				GCC_WARN_ABOUT_RETURN_TYPE = YES_ERROR;
				GCC_WARN_UNDECLARED_SELECTOR = YES;
				GCC_WARN_UNINITIALIZED_AUTOS = YES_AGGRESSIVE;
				GCC_WARN_UNUSED_FUNCTION = YES;
				GCC_WARN_UNUSED_VARIABLE = YES;
				IPHONEOS_DEPLOYMENT_TARGET = 12.1;
				MTL_ENABLE_DEBUG_INFO = NO;
				MTL_FAST_MATH = YES;
				SDKROOT = iphoneos;
				SWIFT_COMPILATION_MODE = wholemodule;
				SWIFT_OPTIMIZATION_LEVEL = "-O";
				VALIDATE_PRODUCT = YES;
			};
			name = Release;
		};
		EF9DCC04223502C400BB5A4D /* Debug */ = {
			isa = XCBuildConfiguration;
			baseConfigurationReference = A4DB598C768549BCFE8E5FFD /* Pods-hacksc.debug.xcconfig */;
			buildSettings = {
				ASSETCATALOG_COMPILER_APPICON_NAME = AppIcon;
				CODE_SIGN_STYLE = Automatic;
				DEVELOPMENT_TEAM = 725U25672W;
				INFOPLIST_FILE = hacksc/Info.plist;
				LD_RUNPATH_SEARCH_PATHS = (
					"$(inherited)",
					"@executable_path/Frameworks",
				);
				PRODUCT_BUNDLE_IDENTIFIER = com.caleb.hacksc;
				PRODUCT_NAME = "$(TARGET_NAME)";
				SWIFT_VERSION = 4.2;
				TARGETED_DEVICE_FAMILY = "1,2";
			};
			name = Debug;
		};
		EF9DCC05223502C400BB5A4D /* Release */ = {
			isa = XCBuildConfiguration;
			baseConfigurationReference = 2A19C209707EB5CE0892AE03 /* Pods-hacksc.release.xcconfig */;
			buildSettings = {
				ASSETCATALOG_COMPILER_APPICON_NAME = AppIcon;
				CODE_SIGN_STYLE = Automatic;
				DEVELOPMENT_TEAM = 725U25672W;
				INFOPLIST_FILE = hacksc/Info.plist;
				LD_RUNPATH_SEARCH_PATHS = (
					"$(inherited)",
					"@executable_path/Frameworks",
				);
				PRODUCT_BUNDLE_IDENTIFIER = com.caleb.hacksc;
				PRODUCT_NAME = "$(TARGET_NAME)";
				SWIFT_VERSION = 4.2;
				TARGETED_DEVICE_FAMILY = "1,2";
			};
			name = Release;
		};
/* End XCBuildConfiguration section */

/* Begin XCConfigurationList section */
		EF9DCBEC223502C200BB5A4D /* Build configuration list for PBXProject "hacksc" */ = {
			isa = XCConfigurationList;
			buildConfigurations = (
				EF9DCC01223502C400BB5A4D /* Debug */,
				EF9DCC02223502C400BB5A4D /* Release */,
			);
			defaultConfigurationIsVisible = 0;
			defaultConfigurationName = Release;
		};
		EF9DCC03223502C400BB5A4D /* Build configuration list for PBXNativeTarget "hacksc" */ = {
			isa = XCConfigurationList;
			buildConfigurations = (
				EF9DCC04223502C400BB5A4D /* Debug */,
				EF9DCC05223502C400BB5A4D /* Release */,
			);
			defaultConfigurationIsVisible = 0;
			defaultConfigurationName = Release;
		};
/* End XCConfigurationList section */
	};
	rootObject = EF9DCBE9223502C200BB5A4D /* Project object */;
}
